
Microsoft Visual Studio Solution File, Format Version 12.00
# Visual Studio Version 16
VisualStudioVersion = 25.0.1705.3
MinimumVisualStudioVersion = 10.0.40219.1
Project("{FAE04EC0-301F-11D3-BF4B-00C04F79EFBC}") = "Agence.Api", "Agence.Api\Agence.Api.csproj", "{9C238A98-262C-4DCB-9B76-C11829FE8551}"
EndProject
Global
	GlobalSection(SolutionConfigurationPlatforms) = preSolution
		Debug|Any CPU = Debug|Any CPU
		Release|Any CPU = Release|Any CPU
	EndGlobalSection
	GlobalSection(ProjectConfigurationPlatforms) = postSolution
		{9C238A98-262C-4DCB-9B76-C11829FE8551}.Debug|Any CPU.ActiveCfg = Debug|Any CPU
		{9C238A98-262C-4DCB-9B76-C11829FE8551}.Debug|Any CPU.Build.0 = Debug|Any CPU
		{9C238A98-262C-4DCB-9B76-C11829FE8551}.Release|Any CPU.ActiveCfg = Release|Any CPU
		{9C238A98-262C-4DCB-9B76-C11829FE8551}.Release|Any CPU.Build.0 = Release|Any CPU
	EndGlobalSection
	GlobalSection(SolutionProperties) = preSolution
		HideSolutionNode = FALSE
	EndGlobalSection
	GlobalSection(ExtensibilityGlobals) = postSolution
		SolutionGuid = {D54E3C4D-66F4-4FA8-8286-7F9F6DC09AB7}
	EndGlobalSection
EndGlobal
